
Microsoft Visual Studio Solution File, Format Version 12.00
# Visual Studio Version 16
VisualStudioVersion = 16.0.29123.88
MinimumVisualStudioVersion = 10.0.40219.1
Project("{FAE04EC0-301F-11D3-BF4B-00C04F79EFBC}") = "PdfSignatureChecker", "SignatureCheckerV2\PdfSignatureChecker.csproj", "{E7F3FD3B-5087-44C3-BBAB-8F57D9609A12}"
EndProject
Global
	GlobalSection(SolutionConfigurationPlatforms) = preSolution
		Debug|Any CPU = Debug|Any CPU
		Release|Any CPU = Release|Any CPU
	EndGlobalSection
	GlobalSection(ProjectConfigurationPlatforms) = postSolution
		{E7F3FD3B-5087-44C3-BBAB-8F57D9609A12}.Debug|Any CPU.ActiveCfg = Debug|Any CPU
		{E7F3FD3B-5087-44C3-BBAB-8F57D9609A12}.Debug|Any CPU.Build.0 = Debug|Any CPU
		{E7F3FD3B-5087-44C3-BBAB-8F57D9609A12}.Release|Any CPU.ActiveCfg = Release|Any CPU
		{E7F3FD3B-5087-44C3-BBAB-8F57D9609A12}.Release|Any CPU.Build.0 = Release|Any CPU
	EndGlobalSection
	GlobalSection(SolutionProperties) = preSolution
		HideSolutionNode = FALSE
	EndGlobalSection
	GlobalSection(ExtensibilityGlobals) = postSolution
		SolutionGuid = {E8840ED1-ABBA-4B99-9951-9988E9C5C3D2}
	EndGlobalSection
EndGlobal
